// !$*UTF8*$!
{
	archiveVersion = 1;
	classes = {
	};
	objectVersion = 50;
	objects = {

/* Begin PBXBuildFile section */
		C8C117DF250495D500FD220E /* AppDelegate.swift in Sources */ = {isa = PBXBuildFile; fileRef = C8C117DE250495D500FD220E /* AppDelegate.swift */; };
		C8C117E1250495D500FD220E /* SceneDelegate.swift in Sources */ = {isa = PBXBuildFile; fileRef = C8C117E0250495D500FD220E /* SceneDelegate.swift */; };
		C8C117E6250495D500FD220E /* Main.storyboard in Resources */ = {isa = PBXBuildFile; fileRef = C8C117E4250495D500FD220E /* Main.storyboard */; };
		C8C117E9250495D500FD220E /* UICollectionView.xcdatamodeld in Sources */ = {isa = PBXBuildFile; fileRef = C8C117E7250495D500FD220E /* UICollectionView.xcdatamodeld */; };
		C8C117EB250495D600FD220E /* Assets.xcassets in Resources */ = {isa = PBXBuildFile; fileRef = C8C117EA250495D600FD220E /* Assets.xcassets */; };
		C8C117EE250495D600FD220E /* LaunchScreen.storyboard in Resources */ = {isa = PBXBuildFile; fileRef = C8C117EC250495D600FD220E /* LaunchScreen.storyboard */; };
		C8C117F6250496BA00FD220E /* MainViewController.swift in Sources */ = {isa = PBXBuildFile; fileRef = C8C117F5250496BA00FD220E /* MainViewController.swift */; };
		C8F9F720250A68BD009F46AF /* ColorCell.swift in Sources */ = {isa = PBXBuildFile; fileRef = C8F9F71F250A68BD009F46AF /* ColorCell.swift */; };
		C8F9F722250A6A7A009F46AF /* ColorViewController.swift in Sources */ = {isa = PBXBuildFile; fileRef = C8F9F721250A6A7A009F46AF /* ColorViewController.swift */; };
/* End PBXBuildFile section */

/* Begin PBXFileReference section */
		C8C117DB250495D500FD220E /* UICollectionView.app */ = {isa = PBXFileReference; explicitFileType = wrapper.application; includeInIndex = 0; path = UICollectionView.app; sourceTree = BUILT_PRODUCTS_DIR; };
		C8C117DE250495D500FD220E /* AppDelegate.swift */ = {isa = PBXFileReference; lastKnownFileType = sourcecode.swift; path = AppDelegate.swift; sourceTree = "<group>"; };
		C8C117E0250495D500FD220E /* SceneDelegate.swift */ = {isa = PBXFileReference; lastKnownFileType = sourcecode.swift; path = SceneDelegate.swift; sourceTree = "<group>"; };
		C8C117E5250495D500FD220E /* Base */ = {isa = PBXFileReference; lastKnownFileType = file.storyboard; name = Base; path = Base.lproj/Main.storyboard; sourceTree = "<group>"; };
		C8C117E8250495D500FD220E /* UICollectionView.xcdatamodel */ = {isa = PBXFileReference; lastKnownFileType = wrapper.xcdatamodel; path = UICollectionView.xcdatamodel; sourceTree = "<group>"; };
		C8C117EA250495D600FD220E /* Assets.xcassets */ = {isa = PBXFileReference; lastKnownFileType = folder.assetcatalog; path = Assets.xcassets; sourceTree = "<group>"; };
		C8C117ED250495D600FD220E /* Base */ = {isa = PBXFileReference; lastKnownFileType = file.storyboard; name = Base; path = Base.lproj/LaunchScreen.storyboard; sourceTree = "<group>"; };
		C8C117EF250495D600FD220E /* Info.plist */ = {isa = PBXFileReference; lastKnownFileType = text.plist.xml; path = Info.plist; sourceTree = "<group>"; };
		C8C117F5250496BA00FD220E /* MainViewController.swift */ = {isa = PBXFileReference; lastKnownFileType = sourcecode.swift; path = MainViewController.swift; sourceTree = "<group>"; };
		C8F9F71F250A68BD009F46AF /* ColorCell.swift */ = {isa = PBXFileReference; fileEncoding = 4; lastKnownFileType = sourcecode.swift; lineEnding = 0; path = ColorCell.swift; sourceTree = "<group>"; };
		C8F9F721250A6A7A009F46AF /* ColorViewController.swift */ = {isa = PBXFileReference; lastKnownFileType = sourcecode.swift; path = ColorViewController.swift; sourceTree = "<group>"; };
/* End PBXFileReference section */

/* Begin PBXFrameworksBuildPhase section */
		C8C117D8250495D500FD220E /* Frameworks */ = {
			isa = PBXFrameworksBuildPhase;
			buildActionMask = 2147483647;
			files = (
			);
			runOnlyForDeploymentPostprocessing = 0;
		};
/* End PBXFrameworksBuildPhase section */

/* Begin PBXGroup section */
		C8C117D2250495D500FD220E = {
			isa = PBXGroup;
			children = (
				C8C117DD250495D500FD220E /* UICollectionView */,
				C8C117DC250495D500FD220E /* Products */,
			);
			sourceTree = "<group>";
		};
		C8C117DC250495D500FD220E /* Products */ = {
			isa = PBXGroup;
			children = (
				C8C117DB250495D500FD220E /* UICollectionView.app */,
			);
			name = Products;
			sourceTree = "<group>";
		};
		C8C117DD250495D500FD220E /* UICollectionView */ = {
			isa = PBXGroup;
			children = (
				C8C117DE250495D500FD220E /* AppDelegate.swift */,
				C8C117E0250495D500FD220E /* SceneDelegate.swift */,
				C8F9F71F250A68BD009F46AF /* ColorCell.swift */,
				C8C117F5250496BA00FD220E /* MainViewController.swift */,
				C8F9F721250A6A7A009F46AF /* ColorViewController.swift */,
				C8C117E4250495D500FD220E /* Main.storyboard */,
				C8C117EA250495D600FD220E /* Assets.xcassets */,
				C8C117EC250495D600FD220E /* LaunchScreen.storyboard */,
				C8C117EF250495D600FD220E /* Info.plist */,
				C8C117E7250495D500FD220E /* UICollectionView.xcdatamodeld */,
			);
			path = UICollectionView;
			sourceTree = "<group>";
		};
/* End PBXGroup section */

/* Begin PBXNativeTarget section */
		C8C117DA250495D500FD220E /* UICollectionView */ = {
			isa = PBXNativeTarget;
			buildConfigurationList = C8C117F2250495D600FD220E /* Build configuration list for PBXNativeTarget "UICollectionView" */;
			buildPhases = (
				C8C117D7250495D500FD220E /* Sources */,
				C8C117D8250495D500FD220E /* Frameworks */,
				C8C117D9250495D500FD220E /* Resources */,
			);
			buildRules = (
			);
			dependencies = (
			);
			name = UICollectionView;
			productName = UICollectionView;
			productReference = C8C117DB250495D500FD220E /* UICollectionView.app */;
			productType = "com.apple.product-type.application";
		};
/* End PBXNativeTarget section */

/* Begin PBXProject section */
		C8C117D3250495D500FD220E /* Project object */ = {
			isa = PBXProject;
			attributes = {
				LastSwiftUpdateCheck = 1170;
				LastUpgradeCheck = 1170;
				ORGANIZATIONNAME = junhyuk;
				TargetAttributes = {
					C8C117DA250495D500FD220E = {
						CreatedOnToolsVersion = 11.7;
					};
				};
			};
			buildConfigurationList = C8C117D6250495D500FD220E /* Build configuration list for PBXProject "UICollectionView" */;
			compatibilityVersion = "Xcode 9.3";
			developmentRegion = en;
			hasScannedForEncodings = 0;
			knownRegions = (
				en,
				Base,
			);
			mainGroup = C8C117D2250495D500FD220E;
			productRefGroup = C8C117DC250495D500FD220E /* Products */;
			projectDirPath = "";
			projectRoot = "";
			targets = (
				C8C117DA250495D500FD220E /* UICollectionView */,
			);
		};
/* End PBXProject section */

/* Begin PBXResourcesBuildPhase section */
		C8C117D9250495D500FD220E /* Resources */ = {
			isa = PBXResourcesBuildPhase;
			buildActionMask = 2147483647;
			files = (
				C8C117EE250495D600FD220E /* LaunchScreen.storyboard in Resources */,
				C8C117EB250495D600FD220E /* Assets.xcassets in Resources */,
				C8C117E6250495D500FD220E /* Main.storyboard in Resources */,
			);
			runOnlyForDeploymentPostprocessing = 0;
		};
/* End PBXResourcesBuildPhase section */

/* Begin PBXSourcesBuildPhase section */
		C8C117D7250495D500FD220E /* Sources */ = {
			isa = PBXSourcesBuildPhase;
			buildActionMask = 2147483647;
			files = (
				C8C117DF250495D500FD220E /* AppDelegate.swift in Sources */,
				C8C117E9250495D500FD220E /* UICollectionView.xcdatamodeld in Sources */,
				C8C117E1250495D500FD220E /* SceneDelegate.swift in Sources */,
				C8F9F720250A68BD009F46AF /* ColorCell.swift in Sources */,
				C8F9F722250A6A7A009F46AF /* ColorViewController.swift in Sources */,
				C8C117F6250496BA00FD220E /* MainViewController.swift in Sources */,
			);
			runOnlyForDeploymentPostprocessing = 0;
		};
/* End PBXSourcesBuildPhase section */

/* Begin PBXVariantGroup section */
		C8C117E4250495D500FD220E /* Main.storyboard */ = {
			isa = PBXVariantGroup;
			children = (
				C8C117E5250495D500FD220E /* Base */,
			);
			name = Main.storyboard;
			sourceTree = "<group>";
		};
		C8C117EC250495D600FD220E /* LaunchScreen.storyboard */ = {
			isa = PBXVariantGroup;
			children = (
				C8C117ED250495D600FD220E /* Base */,
			);
			name = LaunchScreen.storyboard;
			sourceTree = "<group>";
		};
/* End PBXVariantGroup section */

/* Begin XCBuildConfiguration section */
		C8C117F0250495D600FD220E /* Debug */ = {
			isa = XCBuildConfiguration;
			buildSettings = {
				ALWAYS_SEARCH_USER_PATHS = NO;
				CLANG_ANALYZER_NONNULL = YES;
				CLANG_ANALYZER_NUMBER_OBJECT_CONVERSION = YES_AGGRESSIVE;
				CLANG_CXX_LANGUAGE_STANDARD = "gnu++14";
				CLANG_CXX_LIBRARY = "libc++";
				CLANG_ENABLE_MODULES = YES;
				CLANG_ENABLE_OBJC_ARC = YES;
				CLANG_ENABLE_OBJC_WEAK = YES;
				CLANG_WARN_BLOCK_CAPTURE_AUTORELEASING = YES;
				CLANG_WARN_BOOL_CONVERSION = YES;
				CLANG_WARN_COMMA = YES;
				CLANG_WARN_CONSTANT_CONVERSION = YES;
				CLANG_WARN_DEPRECATED_OBJC_IMPLEMENTATIONS = YES;
				CLANG_WARN_DIRECT_OBJC_ISA_USAGE = YES_ERROR;
				CLANG_WARN_DOCUMENTATION_COMMENTS = YES;
				CLANG_WARN_EMPTY_BODY = YES;
				CLANG_WARN_ENUM_CONVERSION = YES;
				CLANG_WARN_INFINITE_RECURSION = YES;
				CLANG_WARN_INT_CONVERSION = YES;
				CLANG_WARN_NON_LITERAL_NULL_CONVERSION = YES;
				CLANG_WARN_OBJC_IMPLICIT_RETAIN_SELF = YES;
				CLANG_WARN_OBJC_LITERAL_CONVERSION = YES;
				CLANG_WARN_OBJC_ROOT_CLASS = YES_ERROR;
				CLANG_WARN_RANGE_LOOP_ANALYSIS = YES;
				CLANG_WARN_STRICT_PROTOTYPES = YES;
				CLANG_WARN_SUSPICIOUS_MOVE = YES;
				CLANG_WARN_UNGUARDED_AVAILABILITY = YES_AGGRESSIVE;
				CLANG_WARN_UNREACHABLE_CODE = YES;
				CLANG_WARN__DUPLICATE_METHOD_MATCH = YES;
				COPY_PHASE_STRIP = NO;
				DEBUG_INFORMATION_FORMAT = dwarf;
				ENABLE_STRICT_OBJC_MSGSEND = YES;
				ENABLE_TESTABILITY = YES;
				GCC_C_LANGUAGE_STANDARD = gnu11;
				GCC_DYNAMIC_NO_PIC = NO;
				GCC_NO_COMMON_BLOCKS = YES;
				GCC_OPTIMIZATION_LEVEL = 0;
				GCC_PREPROCESSOR_DEFINITIONS = (
					"DEBUG=1",
					"$(inherited)",
				);
				GCC_WARN_64_TO_32_BIT_CONVERSION = YES;
				GCC_WARN_ABOUT_RETURN_TYPE = YES_ERROR;
				GCC_WARN_UNDECLARED_SELECTOR = YES;
				GCC_WARN_UNINITIALIZED_AUTOS = YES_AGGRESSIVE;
				GCC_WARN_UNUSED_FUNCTION = YES;
				GCC_WARN_UNUSED_VARIABLE = YES;
				IPHONEOS_DEPLOYMENT_TARGET = 13.7;
				MTL_ENABLE_DEBUG_INFO = INCLUDE_SOURCE;
				MTL_FAST_MATH = YES;
				ONLY_ACTIVE_ARCH = YES;
				SDKROOT = iphoneos;
				SWIFT_ACTIVE_COMPILATION_CONDITIONS = DEBUG;
				SWIFT_OPTIMIZATION_LEVEL = "-Onone";
			};
			name = Debug;
		};
		C8C117F1250495D600FD220E /* Release */ = {
			isa = XCBuildConfiguration;
			buildSettings = {
				ALWAYS_SEARCH_USER_PATHS = NO;
				CLANG_ANALYZER_NONNULL = YES;
				CLANG_ANALYZER_NUMBER_OBJECT_CONVERSION = YES_AGGRESSIVE;
				CLANG_CXX_LANGUAGE_STANDARD = "gnu++14";
				CLANG_CXX_LIBRARY = "libc++";
				CLANG_ENABLE_MODULES = YES;
				CLANG_ENABLE_OBJC_ARC = YES;
				CLANG_ENABLE_OBJC_WEAK = YES;
				CLANG_WARN_BLOCK_CAPTURE_AUTORELEASING = YES;
				CLANG_WARN_BOOL_CONVERSION = YES;
				CLANG_WARN_COMMA = YES;
				CLANG_WARN_CONSTANT_CONVERSION = YES;
				CLANG_WARN_DEPRECATED_OBJC_IMPLEMENTATIONS = YES;
				CLANG_WARN_DIRECT_OBJC_ISA_USAGE = YES_ERROR;
				CLANG_WARN_DOCUMENTATION_COMMENTS = YES;
				CLANG_WARN_EMPTY_BODY = YES;
				CLANG_WARN_ENUM_CONVERSION = YES;
				CLANG_WARN_INFINITE_RECURSION = YES;
				CLANG_WARN_INT_CONVERSION = YES;
				CLANG_WARN_NON_LITERAL_NULL_CONVERSION = YES;
				CLANG_WARN_OBJC_IMPLICIT_RETAIN_SELF = YES;
				CLANG_WARN_OBJC_LITERAL_CONVERSION = YES;
				CLANG_WARN_OBJC_ROOT_CLASS = YES_ERROR;
				CLANG_WARN_RANGE_LOOP_ANALYSIS = YES;
				CLANG_WARN_STRICT_PROTOTYPES = YES;
				CLANG_WARN_SUSPICIOUS_MOVE = YES;
				CLANG_WARN_UNGUARDED_AVAILABILITY = YES_AGGRESSIVE;
				CLANG_WARN_UNREACHABLE_CODE = YES;
				CLANG_WARN__DUPLICATE_METHOD_MATCH = YES;
				COPY_PHASE_STRIP = NO;
				DEBUG_INFORMATION_FORMAT = "dwarf-with-dsym";
				ENABLE_NS_ASSERTIONS = NO;
				ENABLE_STRICT_OBJC_MSGSEND = YES;
				GCC_C_LANGUAGE_STANDARD = gnu11;
				GCC_NO_COMMON_BLOCKS = YES;
				GCC_WARN_64_TO_32_BIT_CONVERSION = YES;
				GCC_WARN_ABOUT_RETURN_TYPE = YES_ERROR;
				GCC_WARN_UNDECLARED_SELECTOR = YES;
				GCC_WARN_UNINITIALIZED_AUTOS = YES_AGGRESSIVE;
				GCC_WARN_UNUSED_FUNCTION = YES;
				GCC_WARN_UNUSED_VARIABLE = YES;
				IPHONEOS_DEPLOYMENT_TARGET = 13.7;
				MTL_ENABLE_DEBUG_INFO = NO;
				MTL_FAST_MATH = YES;
				SDKROOT = iphoneos;
				SWIFT_COMPILATION_MODE = wholemodule;
				SWIFT_OPTIMIZATION_LEVEL = "-O";
				VALIDATE_PRODUCT = YES;
			};
			name = Release;
		};
		C8C117F3250495D600FD220E /* Debug */ = {
			isa = XCBuildConfiguration;
			buildSettings = {
				ASSETCATALOG_COMPILER_APPICON_NAME = AppIcon;
				CODE_SIGN_STYLE = Automatic;
				DEVELOPMENT_TEAM = 5V8898Z33P;
				INFOPLIST_FILE = UICollectionView/Info.plist;
				LD_RUNPATH_SEARCH_PATHS = (
					"$(inherited)",
					"@executable_path/Frameworks",
				);
				PRODUCT_BUNDLE_IDENTIFIER = com.junhyuk.UICollectionView;
				PRODUCT_NAME = "$(TARGET_NAME)";
				SWIFT_VERSION = 5.0;
				TARGETED_DEVICE_FAMILY = 1;
			};
			name = Debug;
		};
		C8C117F4250495D600FD220E /* Release */ = {
			isa = XCBuildConfiguration;
			buildSettings = {
				ASSETCATALOG_COMPILER_APPICON_NAME = AppIcon;
				CODE_SIGN_STYLE = Automatic;
				DEVELOPMENT_TEAM = 5V8898Z33P;
				INFOPLIST_FILE = UICollectionView/Info.plist;
				LD_RUNPATH_SEARCH_PATHS = (
					"$(inherited)",
					"@executable_path/Frameworks",
				);
				PRODUCT_BUNDLE_IDENTIFIER = com.junhyuk.UICollectionView;
				PRODUCT_NAME = "$(TARGET_NAME)";
				SWIFT_VERSION = 5.0;
				TARGETED_DEVICE_FAMILY = 1;
			};
			name = Release;
		};
/* End XCBuildConfiguration section */

/* Begin XCConfigurationList section */
		C8C117D6250495D500FD220E /* Build configuration list for PBXProject "UICollectionView" */ = {
			isa = XCConfigurationList;
			buildConfigurations = (
				C8C117F0250495D600FD220E /* Debug */,
				C8C117F1250495D600FD220E /* Release */,
			);
			defaultConfigurationIsVisible = 0;
			defaultConfigurationName = Release;
		};
		C8C117F2250495D600FD220E /* Build configuration list for PBXNativeTarget "UICollectionView" */ = {
			isa = XCConfigurationList;
			buildConfigurations = (
				C8C117F3250495D600FD220E /* Debug */,
				C8C117F4250495D600FD220E /* Release */,
			);
			defaultConfigurationIsVisible = 0;
			defaultConfigurationName = Release;
		};
/* End XCConfigurationList section */

/* Begin XCVersionGroup section */
		C8C117E7250495D500FD220E /* UICollectionView.xcdatamodeld */ = {
			isa = XCVersionGroup;
			children = (
				C8C117E8250495D500FD220E /* UICollectionView.xcdatamodel */,
			);
			currentVersion = C8C117E8250495D500FD220E /* UICollectionView.xcdatamodel */;
			path = UICollectionView.xcdatamodeld;
			sourceTree = "<group>";
			versionGroupType = wrapper.xcdatamodel;
		};
/* End XCVersionGroup section */
	};
	rootObject = C8C117D3250495D500FD220E /* Project object */;
}
